cloud.google.com/go v0.30.0 h1:xKvyLgk56d0nksWq49J0UyGEeUIicTl4+UBiX1NPX9g=
cloud.google.com/go v0.30.0/go.mod h1:aQUYkXzVsufM+DwF1aE+0xfcU+56JwCaLick0ClmMTw=
github.com/AdamSLevy/factom v0.0.0-20181009222153-a7ad13c1f605 h1:b/8E4LxUcjmNw4lTML18fmsW2ghHDNdOabBByd8gUEE=
github.com/AdamSLevy/factom v0.0.0-20181009222153-a7ad13c1f605/go.mod h1:S5R9T6+CUDDZQ784neTGuKR3nsBSwBBEty5n1ipyezM=
github.com/AdamSLevy/jsonrpc2/v4 v4.0.2 h1:nJY9/JE+C1GgyP2TfS5pz5VIoQYA15lNtrKOhb8mSOg=
github.com/AdamSLevy/jsonrpc2/v4 v4.0.2/go.mod h1:qBSfa4UbDhv8oraQPxt3ssthznAuoH5tJ770jPMBLAc=
github.com/FactomProject/FactomCode v0.0.0-20171228170625-d7e03150a9d5 h1:3CMiYso42Xa4iGiXXhUBl8OXFJd3wDB5Gd64eWMzJTs=
github.com/FactomProject/FactomCode v0.0.0-20171228170625-d7e03150a9d5/go.mod h1:7XksVta7THNbD031Ax0/dS5RKMS+ug+d7/Lmti8jAhE=
github.com/FactomProject/basen v0.0.0-20150613233007-fe3947df716e h1:ahyvB3q25YnZWly5Gq1ekg6jcmWaGj/vG/MhF4aisoc=
github.com/FactomProject/basen v0.0.0-20150613233007-fe3947df716e/go.mod h1:kGUqhHd//musdITWjFvNTHn90WG9bMLBEPQZ17Cmlpw=
github.com/FactomProject/bolt v0.0.0-20170202195217-952a1b4e9a55 h1:5fuDYHmFKTjrasH3oMqCf4a7dRkoHDuHiFrKiXfO4FU=
github.com/FactomProject/bolt v0.0.0-20170202195217-952a1b4e9a55/go.mod h1:k4IUvMzQDQ2NeL83bQxOOrSJWCqkaG6ZEYxVgA/Mx2k=
github.com/FactomProject/btcd v0.3.5 h1:hQmuaO9pRriUS8GehSvYvaId1EWIaxKMlAys9Cf+JlI=
github.com/FactomProject/btcd v0.3.5/go.mod h1:XDUBGjyNJaZUvI9Wx53cHCbQ2WxfllaRxAnK0jBu5B0=
github.com/FactomProject/btcutil v0.0.0-20160826074221-43986820ccd5 h1:cysv7OcQYt+P7IH1ZQAE1akzlwm+EXvxG6/0jYlJIE4=
github.com/FactomProject/btcutil v0.0.0-20160826074221-43986820ccd5/go.mod h1:vneMtVKjkLz6PtiXS/HB0UJXAF77wndeJwZiqaVrN84=
github.com/FactomProject/btcutilecc v0.0.0-20130527213604-d3a63a5752ec h1:1Qb69mGp/UtRPn422BH4/Y4Q3SLUrD9KHuDkm8iodFc=
github.com/FactomProject/btcutilecc v0.0.0-20130527213604-d3a63a5752ec/go.mod h1:CD8UlnlLDiqb36L110uqiP2iSflVjx9g/3U9hCI4q2U=
github.com/FactomProject/dynrsrc v0.3.1 h1:4s5iFYx0dgYdiiTtdS68D2t7WUOHDX5Z8z2ctGur3VA=
github.com/FactomProject/dynrsrc v0.3.1/go.mod h1:JjmEhtv+5iLNVVAN0SUO+6e0kvuuvZ4ZW6V43xmgnHk=
github.com/FactomProject/ed25519 v0.0.0-20150814230546-38002c4fe7b6 h1:e2tpL8IfImGBR8qODlnb/hnwPhS4wWzoOUKoFrA3RFQ=
github.com/FactomProject/ed25519 v0.0.0-20150814230546-38002c4fe7b6/go.mod h1:x54uxtF9AnHAvx2kRoIxKYLuUV+bRjUQ6u/3FhfmO5g=
github.com/FactomProject/factoid v0.0.0-20160420180514-3ee9763f8684 h1:7MeTNUiAKJTGebc1c7cPEdzX1RpeKpP5L06+XMG8HBA=
github.com/FactomProject/factoid v0.0.0-20160420180514-3ee9763f8684/go.mod h1:ExOuHMC672nR0h9b+jaTiW9ilQeWQOap4OXixzW359M=
github.com/FactomProject/fastsha256 v0.2.1 h1:ICfr2Lw5Ucy785GfJSjLLG9X1mZA6dsy/xgARlZ+brs=
github.com/FactomProject/fastsha256 v0.2.1/go.mod h1:/nQG+MXzxlaSxnkToKarNFTq1k0tbtSx5R82M00kC4k=
github.com/FactomProject/fsnotify v0.9.0 h1:D7P7JyVP/CHGI9dPkTdKcgSoyk8uayHq/5rZYr+t+l4=
github.com/FactomProject/fsnotify v0.9.0/go.mod h1:SzEMGQAVw7mK7WOh0Sx7RFa+wrsJX1jxefmoRRVRpSA=
github.com/FactomProject/go-bip32 v0.0.0-20161206200006-3b593af1c415 h1:MBKX2dt7hF3stchte/62OyVM9TWNNPo0inixeqOECjg=
github.com/FactomProject/go-bip32 v0.0.0-20161206200006-3b593af1c415/go.mod h1:efm/M7J/CGmQ5dPtGM0GWod5LuyShuFET6oY13168w4=
github.com/FactomProject/go-bip39 v0.0.0-20161217174232-d1007fb78d9a h1:2kkqKmbjjBZa6gZPMJPLca2THREqyDyRneB0DNf3gTc=
github.com/FactomProject/go-bip39 v0.0.0-20161217174232-d1007fb78d9a/go.mod h1:ygPVOtW424QxnJMze9XYDeh4wT19V3iVDOqVUl/USkE=
github.com/FactomProject/go-bip44 v0.0.0-20161206084836-fd672f46ddc3 h1:r1lWUdR3bTNO3db3Ji6ncFj649hnFXm/lvd8lIgUZXU=
github.com/FactomProject/go-bip44 v0.0.0-20161206084836-fd672f46ddc3/go.mod h1:4H/Y1yLgSJvRV4iqilsVhYlqXkPgf1QonpKyt6sdP+Q=
github.com/FactomProject/go-simplejson v0.5.0 h1:gO5Z2gV3+kqWcu8/TrjAbim0yFqUcFll7HzAhdxah7s=
github.com/FactomProject/go-simplejson v0.5.0/go.mod h1:P6XXHV5dI0hIZte+dQ4G8tzNIiyuF/UMVuInbQd036g=
github.com/FactomProject/go-spew v0.0.0-20160301052117-ddfaec9b42f5 h1:i9apIhX38D5Wc8qdGJkFJu820El/ivkLKJQVKZdvf1M=
github.com/FactomProject/go-spew v0.0.0-20160301052117-ddfaec9b42f5/go.mod h1:GITz+lAXWwMHRf2FjgacVJ9cTGsorym6PCzoUw0DiAM=
github.com/FactomProject/gocoding v0.0.0-20150814232539-59666ce39524 h1:394GwlJFa1fAUgjLVMH9RUMS+Rrczpjb/AE1NWxb1Iw=
github.com/FactomProject/gocoding v0.0.0-20150814232539-59666ce39524/go.mod h1:AtAVT8Uf+wlS9h/RK79oum1xym2r9UR5nb67zVEkq6Y=
github.com/FactomProject/goleveldb v0.0.0-20170418171130-e7800c6976c5 h1:kN0e15Xg+6ENwP1U7CvDwkI+ZU5w8xU79j7FZ6oTLLk=
github.com/FactomProject/goleveldb v0.0.0-20170418171130-e7800c6976c5/go.mod h1:35UcJZvsGJAgxqegkfDb5S78gTlx/Pypzy4rZfM1pQA=
github.com/FactomProject/netki-go-partner-client v0.0.0-20160324224126-426acb535e66 h1:H4nFZnW3EpbcefxbJAJxWCl7niO07QpKt8KeHtLwHoc=
github.com/FactomProject/netki-go-partner-client v0.0.0-20160324224126-426acb535e66/go.mod h1:L+Od0CCfb8IzUbPM4UxLaERB1I6Bw/lD2UtzRM90pIw=
github.com/FactomProject/snappy-go v0.0.0-20170202213131-f2f83b22c29e h1:qXLcZHL/avngRrZVkn4RCkn6L3l2Wabb5bsLSW1P3E4=
github.com/FactomProject/snappy-go v0.0.0-20170202213131-f2f83b22c29e/go.mod h1:BQArcOnbPAS9l2B9Eo1R2i73/Es6PHRP0RrctmiH5jk=
github.com/FactomProject/web v0.0.0-20161121182748-7daee1bf727f h1:Xp1/JJvqotrQ+2bJIBQEil/QXrHuLfffFPlEevOcCQU=
github.com/FactomProject/web v0.0.0-20161121182748-7daee1bf727f/go.mod h1:wiLhlN8amF4dalkSy+u75C3xsXaesSHy2cph6b/8PrI=
github.com/bmizerany/assert v0.0.0-20160611221934-b7ed37b82869 h1:DDGfHa7BWjL4YnC6+E63dPcxHo2sUxDIu8g3QgEJdRY=
github.com/bmizerany/assert v0.0.0-20160611221934-b7ed37b82869/go.mod h1:Ekp36dRnpXw/yCqJaO+ZrUyxD+3VXMFFr56k5XYrpB4=
github.com/btcsuitereleases/btcutil v0.0.0-20150612230727-f2b1058a8255 h1:2Dd/81Xn+6DGPIV01YTt9mNV1li0kM1dk62cE3YDU44=
github.com/btcsuitereleases/btcutil v0.0.0-20150612230727-f2b1058a8255/go.mod h1:cUeoYJcc2EfS9DIrDrJ44AjirCbgkmThYeFu/yEddxs=
github.com/cmars/basen v0.0.0-20150613233007-fe3947df716e h1:0XBUw73chJ1VYSsfvcPvVT7auykAJce9FpRr10L6Qhw=
github.com/cmars/basen v0.0.0-20150613233007-fe3947df716e/go.mod h1:P13beTBKr5Q18lJe1rIoLUqjM+CB1zYrRg44ZqGuQSA=
github.com/davecgh/go-spew v1.1.1 h1:vj9j/u1bqnvCEfJOwUhtlOARqs3+rkHYY13jYWTU97c=
github.com/davecgh/go-spew v1.1.1/go.mod h1:J7Y8YcW2NihsgmVo/mv3lAwl/skON4iLHjSsI+c5H38=
github.com/denisenkom/go-mssqldb v0.0.0-20180901172138-1eb28afdf9b6 h1:BZGp1dbKFjqlGmxEpwkDpCWNxVwEYnUPoncIzLiHlPo=
github.com/denisenkom/go-mssqldb v0.0.0-20180901172138-1eb28afdf9b6/go.mod h1:xN/JuLBIz4bjkxNmByTiV1IbhfnYb6oo99phBn4Eqhc=
github.com/erikstmartin/go-testdb v0.0.0-20160219214506-8d10e4a1bae5 h1:Yzb9+7DPaBjB8zlTR87/ElzFsnQfuHnVUVqpZZIcV5Y=
github.com/erikstmartin/go-testdb v0.0.0-20160219214506-8d10e4a1bae5/go.mod h1:a2zkGnVExMxdzMo3M0Hi/3sEU+cWnZpSni0O6/Yb/P0=
github.com/fsnotify/fsnotify v1.4.7 h1:IXs+QLmnXW2CcXuY+8Mzv/fWEsPGWxqefPtCP5CnV9I=
github.com/fsnotify/fsnotify v1.4.7/go.mod h1:jwhsz4b93w/PPRr/qN1Yymfu8t87LnFCMoQvtojpjFo=
github.com/go-sql-driver/mysql v1.4.0 h1:7LxgVwFb2hIQtMm87NdgAVfXjnt4OePseqT1tKx+opk=
github.com/go-sql-driver/mysql v1.4.0/go.mod h1:zAC/RDZ24gD3HViQzih4MyKcchzm+sOG5ZlKdlhCg5w=
github.com/golang/protobuf v1.2.0 h1:P3YflyNX/ehuJFLhxviNdFxQPkGK5cDcApsge1SqnvM=
github.com/golang/protobuf v1.2.0/go.mod h1:6lQm79b+lXiMfvg/cZm0SGofjICqVBUtrP5yJMmIC1U=
github.com/google/go-cmp v0.2.0 h1:+dTQ8DZQJz0Mb/HjFlkptS1FeQ4cWSnN941F8aEG4SQ=
github.com/google/go-cmp v0.2.0/go.mod h1:oXzfMopK8JAjlY9xF4vHSVASa0yLyX7SntLO5aqRK0M=
github.com/hashicorp/errwrap v1.0.0 h1:hLrqtEDnRye3+sgx6z4qVLNuviH3MR5aQ0ykNJa/UYA=
github.com/hashicorp/errwrap v1.0.0/go.mod h1:YH+1FKiLXxHSkmPseP+kNlulaMuP3n2brvKWEqk/Jc4=
github.com/hashicorp/go-multierror v1.0.0 h1:iVjPR7a6H0tWELX5NxNe7bYopibicUzc7uPribsnS6o=
github.com/hashicorp/go-multierror v1.0.0/go.mod h1:dHtQlpGsu+cZNNAkkCN/P3hoUDHhCYQXV3UM06sGGrk=
github.com/howeyc/fsnotify v0.9.0 h1:0gtV5JmOKH4A8SsFxG2BczSeXWWPvcMT0euZt5gDAxY=
github.com/howeyc/fsnotify v0.9.0/go.mod h1:41HzSPxBGeFRQKEEwgh49TRw/nKBsYZ2cF1OzPjSJsA=
github.com/hpcloud/tail v1.0.0 h1:nfCOvKYfkgYP8hkirhJocXT2+zOD8yUNjXaWfTlyFKI=
github.com/hpcloud/tail v1.0.0/go.mod h1:ab1qPbhIpdTxEkNHXyeSf5vhxWSCs/tWer42PpOxQnU=
github.com/jinzhu/gorm v1.9.1 h1:lDSDtsCt5AGGSKTs8AHlSDbbgif4G4+CKJ8ETBDVHTA=
github.com/jinzhu/gorm v1.9.1/go.mod h1:Vla75njaFJ8clLU1W44h34PjIkijhjHIYnZxMqCdxqo=
github.com/jinzhu/inflection v0.0.0-20180308033659-04140366298a h1:eeaG9XMUvRBYXJi4pg1ZKM7nxc5AfXfojeLLW7O5J3k=
github.com/jinzhu/inflection v0.0.0-20180308033659-04140366298a/go.mod h1:h+uFLlag+Qp1Va5pdKtLDYj+kHp5pxUVkryuEj+Srlc=
github.com/jinzhu/now v0.0.0-20180511015916-ed742868f2ae h1:8bBMcboXYVuo0WYH+rPe5mB8obO89a993hdTZ3phTjc=
github.com/jinzhu/now v0.0.0-20180511015916-ed742868f2ae/go.mod h1:oHTiXerJ20+SfYcrdlBO7rzZRJWGwSTQ0iUY2jI6Gfc=
github.com/konsorten/go-windows-terminal-sequences v0.0.0-20180402223658-b729f2633dfe h1:CHRGQ8V7OlCYtwaKPJi3iA7J+YdNKdo8j7nG5IgDhjs=
github.com/konsorten/go-windows-terminal-sequences v0.0.0-20180402223658-b729f2633dfe/go.mod h1:T0+1ngSBFLxvqU3pZ+m/2kptfBszLMUkC4ZK/EgS/cQ=
github.com/kr/pretty v0.1.0 h1:L/CwN0zerZDmRFUapSPitk6f+Q3+0za1rQkzVuMiMFI=
github.com/kr/pretty v0.1.0/go.mod h1:dAy3ld7l9f0ibDNOQOHHMYYIIbhfbHSm3C4ZsoJORNo=
github.com/kr/pty v1.1.1/go.mod h1:pFQYn66WHrOpPYNljwOMqo10TkYh1fy3cYio2l3bCsQ=
github.com/kr/text v0.1.0 h1:45sCR5RtlFHMR4UwH9sdQ5TC8v0qDQCHnXt+kaKSTVE=
github.com/kr/text v0.1.0/go.mod h1:4Jbv+DJW3UT/LiOwJeYQe1efqtUx/iVham/4vfdArNI=
github.com/lib/pq v1.0.0 h1:X5PMW56eZitiTeO7tKzZxFCSpbFZJtkMMooicw2us9A=
github.com/lib/pq v1.0.0/go.mod h1:5WUZQaWbwv1U+lTReE5YruASi9Al49XbQIvNi/34Woo=
github.com/mattn/go-sqlite3 v1.9.0 h1:pDRiWfl+++eC2FEFRy6jXmQlvp4Yh3z1MJKg4UeYM/4=
github.com/mattn/go-sqlite3 v1.9.0/go.mod h1:FPy6KqzDD04eiIsT53CuJW3U88zkxoIYsOqkbpncsNc=
github.com/onsi/ginkgo v1.6.0 h1:Ix8l273rp3QzYgXSR+c8d1fTG7UPgYkOSELPhiY/YGw=
github.com/onsi/ginkgo v1.6.0/go.mod h1:lLunBs/Ym6LB5Z9jYTR76FiuTmxDTDusOGeTQH+WWjE=
github.com/onsi/gomega v1.4.1/go.mod h1:C1qb7wdrVGGVU+Z6iS04AVkA3Q65CEZX59MT0QO5uiA=
github.com/onsi/gomega v1.4.2 h1:3mYCb7aPxS/RU7TI1y4rkEn1oKmPRjNJLNEXgw7MH2I=
github.com/onsi/gomega v1.4.2/go.mod h1:ex+gbHU/CVuBBDIJjb2X0qEXbFg53c61hWP/1CpauHY=
github.com/pmezard/go-difflib v1.0.0 h1:4DBwDE0NGyQoBHbLQYPwSUPoCMWR5BEzIk/f1lZbAQM=
github.com/pmezard/go-difflib v1.0.0/go.mod h1:iKH77koFhYxTK1pcRnkKkqfTogsbg7gZNVY4sRDYZ/4=
github.com/posener/complete v1.1.2 h1:fS9GkqLN9DIpHg9j3fAPHdj5P3LhzxuoSybQd1v26IE=
github.com/posener/complete v1.1.2/go.mod h1:em0nMJCgc9GFtwrmVmEMR/ZL6WyhyjMBndrE9hABlRI=
github.com/sirupsen/logrus v1.1.1 h1:VzGj7lhU7KEB9e9gMpAV/v5XT2NVSvLJhJLCWbnkgXg=
github.com/sirupsen/logrus v1.1.1/go.mod h1:zrgwTnHtNr00buQ1vSptGe8m1f/BbgsPukg8qsT7A+A=
github.com/stretchr/testify v1.2.2 h1:bSDNvY7ZPG5RlJ8otE/7V6gMiyenm9RtJ7IUVIAoJ1w=
github.com/stretchr/testify v1.2.2/go.mod h1:a8OnRcib4nhh0OaRAV+Yts87kKdq0PP7pXfy6kDkUVs=
golang.org/x/crypto v0.0.0-20170930174604-9419663f5a44/go.mod h1:6SG95UA2DQfeDnfUPMdvaQW0Q7yPrPDi9nlGo2tz2b4=
golang.org/x/crypto v0.0.0-20180904163835-0709b304e793 h1:u+LnwYTOOW7Ukr/fppxEb1Nwz0AtPflrblfvUudpo+I=
golang.org/x/crypto v0.0.0-20180904163835-0709b304e793/go.mod h1:6SG95UA2DQfeDnfUPMdvaQW0Q7yPrPDi9nlGo2tz2b4=
golang.org/x/crypto v0.0.0-20181009213950-7c1a557ab941 h1:qBTHLajHecfu+xzRI9PqVDcqx7SdHj9d4B+EzSn3tAc=
golang.org/x/crypto v0.0.0-20181009213950-7c1a557ab941/go.mod h1:6SG95UA2DQfeDnfUPMdvaQW0Q7yPrPDi9nlGo2tz2b4=
golang.org/x/net v0.0.0-20171016235512-1087133bc4af/go.mod h1:mL1N/T3taQHkDXs73rZJwtUhF3w3ftmwwsq0BUmARs4=
golang.org/x/net v0.0.0-20180724234803-3673e40ba225/go.mod h1:mL1N/T3taQHkDXs73rZJwtUhF3w3ftmwwsq0BUmARs4=
golang.org/x/net v0.0.0-20180906233101-161cd47e91fd/go.mod h1:mL1N/T3taQHkDXs73rZJwtUhF3w3ftmwwsq0BUmARs4=
golang.org/x/net v0.0.0-20181005035420-146acd28ed58 h1:otZG8yDCO4LVps5+9bxOeNiCvgmOyt96J3roHTYs7oE=
golang.org/x/net v0.0.0-20181005035420-146acd28ed58/go.mod h1:mL1N/T3taQHkDXs73rZJwtUhF3w3ftmwwsq0BUmARs4=
golang.org/x/sync v0.0.0-20180314180146-1d60e4601c6f h1:wMNYb4v58l5UBM7MYRLPG6ZhfOqbKu7X5eyFl8ZhKvA=
golang.org/x/sync v0.0.0-20180314180146-1d60e4601c6f/go.mod h1:RxMgew5VJxzue5/jJTE5uejpjVlOe/izrB70Jof72aM=
golang.org/x/sys v0.0.0-20171017063910-8dbc5d05d6ed/go.mod h1:STP8DvDyc/dI5b8T5hshtkjS+E42TnysNCUPdjciGhY=
golang.org/x/sys v0.0.0-20180905080454-ebe1bf3edb33 h1:I6FyU15t786LL7oL/hn43zqTuEGr4PN7F4XJ1p4E3Y8=
golang.org/x/sys v0.0.0-20180905080454-ebe1bf3edb33/go.mod h1:STP8DvDyc/dI5b8T5hshtkjS+E42TnysNCUPdjciGhY=
golang.org/x/sys v0.0.0-20180909124046-d0be0721c37e/go.mod h1:STP8DvDyc/dI5b8T5hshtkjS+E42TnysNCUPdjciGhY=
golang.org/x/sys v0.0.0-20181005133103-4497e2df6f9e h1:EfdBzeKbFSvOjoIqSZcfS8wp0FBLokGBEs9lz1OtSg0=
golang.org/x/sys v0.0.0-20181005133103-4497e2df6f9e/go.mod h1:STP8DvDyc/dI5b8T5hshtkjS+E42TnysNCUPdjciGhY=
golang.org/x/text v0.3.0 h1:g61tztE5qeGQ89tm6NTjjM9VPIm088od1l6aSorWRWg=
golang.org/x/text v0.3.0/go.mod h1:NqM8EUOU14njkJ3fqMW+pc6Ldnwhi/IjpwHt7yyuwOQ=
google.golang.org/appengine v1.2.0 h1:S0iUepdCWODXRvtE+gcRDd15L+k+k1AiHlMiMjefH24=
google.golang.org/appengine v1.2.0/go.mod h1:xpcJRLb0r/rnEns0DIKYYv+WjYCduHsrkT7/EB5XEv4=
gopkg.in/check.v1 v0.0.0-20161208181325-20d25e280405/go.mod h1:Co6ibVJAznAaIkqp8huTwlJQCZ016jof/cbN4VW5Yz0=
gopkg.in/check.v1 v1.0.0-20180628173108-788fd7840127 h1:qIbj1fsPNlZgppZ+VLlY7N33q108Sa+fhmuc+sWQYwY=
gopkg.in/check.v1 v1.0.0-20180628173108-788fd7840127/go.mod h1:Co6ibVJAznAaIkqp8huTwlJQCZ016jof/cbN4VW5Yz0=
gopkg.in/fsnotify.v1 v1.4.7 h1:xOHLXZwVvI9hhs+cLKq5+I5onOuwQLhQwiu63xxlHs4=
gopkg.in/fsnotify.v1 v1.4.7/go.mod h1:Tz8NjZHkW78fSQdbUxIjBTcgA1z1m8ZHf0WmKUhAMys=
gopkg.in/gcfg.v1 v1.2.3 h1:m8OOJ4ccYHnx2f4gQwpno8nAX5OGOh7RLaaz0pj3Ogs=
gopkg.in/gcfg.v1 v1.2.3/go.mod h1:yesOnuUOFQAhST5vPY4nbZsb/huCgGGXlipJsBn0b3o=
gopkg.in/tomb.v1 v1.0.0-20141024135613-dd632973f1e7 h1:uRGJdciOHaEIrze2W8Q3AKkepLTh2hOroT7a+7czfdQ=
gopkg.in/tomb.v1 v1.0.0-20141024135613-dd632973f1e7/go.mod h1:dt/ZhP58zS4L8KSrWDmTeBkI65Dw0HsyUHuEVlX15mw=
gopkg.in/warnings.v0 v0.1.2 h1:wFXVbFY8DY5/xOe1ECiWdKCzZlxgshcYVNkBHstARME=
gopkg.in/warnings.v0 v0.1.2/go.mod h1:jksf8JmL6Qr/oQM2OXTHunEvvTAsrWBLb6OOjuVWRNI=
gopkg.in/yaml.v2 v2.2.1 h1:mUhvW9EsL+naU5Q3cakzfE91YhliOondGd6ZrsDBHQE=
gopkg.in/yaml.v2 v2.2.1/go.mod h1:hI93XBmqTisBFMUTm0b8Fm+jr3Dg1NNxqwp+5A1VGuI=
launchpad.net/gocheck v0.0.0-20140225173054-000000000087 h1:Izowp2XBH6Ya6rv+hqbceQyw/gSGoXfH/UPoTGduL54=
launchpad.net/gocheck v0.0.0-20140225173054-000000000087/go.mod h1:hj7XX3B/0A+80Vse0e+BUHsHMTEhd0O4cpUHr/e/BUM=
